Microsoft Visual Studio Solution File, Format Version 12.00
# Visual Studio Version 16
VisualStudioVersion = 16.0.29519.87
MinimumVisualStudioVersion = 10.0.40219.1
Project("{8BC9CEB8-8B4A-11D0-8D11-00A0C91BC942}") = "Engine", "Engine\Engine.vcxproj", "{8FA3B444-8D9F-484D-81E9-B8EC01CDA569}"
EndProject
Project("{8BC9CEB8-8B4A-11D0-8D11-00A0C91BC942}") = "Projet1", "Projet1\Projet1.vcxproj", "{48F0419F-36B0-4E55-873C-230478BAC0B1}"
	ProjectSection(ProjectDependencies) = postProject
		{8FA3B444-8D9F-484D-81E9-B8EC01CDA569} = {8FA3B444-8D9F-484D-81E9-B8EC01CDA569}
	EndProjectSection
EndProject
Global
	GlobalSection(SolutionConfigurationPlatforms) = preSolution
		Debug|x64 = Debug|x64
		Debug|x86 = Debug|x86
		Release|x64 = Release|x64
		Release|x86 = Release|x86
	EndGlobalSection
	GlobalSection(ProjectConfigurationPlatforms) = postSolution
		{8FA3B444-8D9F-484D-81E9-B8EC01CDA569}.Debug|x64.ActiveCfg = Debug|x64
		{8FA3B444-8D9F-484D-81E9-B8EC01CDA569}.Debug|x64.Build.0 = Debug|x64
		{8FA3B444-8D9F-484D-81E9-B8EC01CDA569}.Debug|x86.ActiveCfg = Debug|Win32
		{8FA3B444-8D9F-484D-81E9-B8EC01CDA569}.Debug|x86.Build.0 = Debug|Win32
		{8FA3B444-8D9F-484D-81E9-B8EC01CDA569}.Release|x64.ActiveCfg = Release|x64
		{8FA3B444-8D9F-484D-81E9-B8EC01CDA569}.Release|x64.Build.0 = Release|x64
		{8FA3B444-8D9F-484D-81E9-B8EC01CDA569}.Release|x86.ActiveCfg = Release|Win32
		{8FA3B444-8D9F-484D-81E9-B8EC01CDA569}.Release|x86.Build.0 = Release|Win32
		{48F0419F-36B0-4E55-873C-230478BAC0B1}.Debug|x64.ActiveCfg = Debug|x64
		{48F0419F-36B0-4E55-873C-230478BAC0B1}.Debug|x64.Build.0 = Debug|x64
		{48F0419F-36B0-4E55-873C-230478BAC0B1}.Debug|x86.ActiveCfg = Debug|Win32
		{48F0419F-36B0-4E55-873C-230478BAC0B1}.Debug|x86.Build.0 = Debug|Win32
		{48F0419F-36B0-4E55-873C-230478BAC0B1}.Release|x64.ActiveCfg = Release|x64
		{48F0419F-36B0-4E55-873C-230478BAC0B1}.Release|x64.Build.0 = Release|x64
		{48F0419F-36B0-4E55-873C-230478BAC0B1}.Release|x86.ActiveCfg = Release|Win32
		{48F0419F-36B0-4E55-873C-230478BAC0B1}.Release|x86.Build.0 = Release|Win32
	EndGlobalSection
	GlobalSection(SolutionProperties) = preSolution
		HideSolutionNode = FALSE
	EndGlobalSection
	GlobalSection(ExtensibilityGlobals) = postSolution
		SolutionGuid = {79312F59-1ACB-400D-8595-03A23B5D3FAF}
	EndGlobalSection
EndGlobal
